
Microsoft Visual Studio Solution File, Format Version 12.00
# Visual Studio Version 17
VisualStudioVersion = 17.7.34024.191
MinimumVisualStudioVersion = 10.0.40219.1
Project("{8BC9CEB8-8B4A-11D0-8D11-00A0C91BC942}") = "GIAGE", "GIAGE.vcxproj", "{6142DF5A-40BA-4E86-B681-844242D6077E}"
EndProject
Global
	GlobalSection(SolutionConfigurationPlatforms) = preSolution
		Debug|x64 = Debug|x64
		Debug|x86 = Debug|x86
		Release|x64 = Release|x64
		Release|x86 = Release|x86
	EndGlobalSection
	GlobalSection(ProjectConfigurationPlatforms) = postSolution
		{6142DF5A-40BA-4E86-B681-844242D6077E}.Debug|x64.ActiveCfg = Debug|x64
		{6142DF5A-40BA-4E86-B681-844242D6077E}.Debug|x64.Build.0 = Debug|x64
		{6142DF5A-40BA-4E86-B681-844242D6077E}.Debug|x86.ActiveCfg = Debug|Win32
		{6142DF5A-40BA-4E86-B681-844242D6077E}.Debug|x86.Build.0 = Debug|Win32
		{6142DF5A-40BA-4E86-B681-844242D6077E}.Release|x64.ActiveCfg = Release|x64
		{6142DF5A-40BA-4E86-B681-844242D6077E}.Release|x64.Build.0 = Release|x64
		{6142DF5A-40BA-4E86-B681-844242D6077E}.Release|x86.ActiveCfg = Release|Win32
		{6142DF5A-40BA-4E86-B681-844242D6077E}.Release|x86.Build.0 = Release|Win32
	EndGlobalSection
	GlobalSection(SolutionProperties) = preSolution
		HideSolutionNode = FALSE
	EndGlobalSection
	GlobalSection(ExtensibilityGlobals) = postSolution
		SolutionGuid = {97639589-F93B-4F68-BF82-E617D8481648}
	EndGlobalSection
EndGlobal
